// !$*UTF8*$!
{
	archiveVersion = 1;
	classes = {
	};
	objectVersion = 77;
	objects = {

/* Begin PBXContainerItemProxy section */
		8CBF4DF4301AEE1000AE31EB /* PBXContainerItemProxy */ = {
			isa = PBXContainerItemProxy;
			containerPortal = 8CBF4DDA301AEE0F00AE31EB /* Project object */;
			proxyType = 1;
			remoteGlobalIDString = 8CBF4DE1301AEE0F00AE31EB;
			remoteInfo = "Cal";
		};
		8CBF4DFE301AEE1000AE31EB /* PBXContainerItemProxy */ = {
			isa = PBXContainerItemProxy;
			containerPortal = 8CBF4DDA301AEE0F00AE31EB /* Project object */;
			proxyType = 1;
			remoteGlobalIDString = 8CBF4DE1301AEE0F00AE31EB;
			remoteInfo = "Cal";
		};
/* End PBXContainerItemProxy section */

/* Begin PBXFileReference section */
		8CBF4DE2301AEE0F00AE31EB /* Cal.app */ = {isa = PBXFileReference; explicitFileType = wrapper.application; includeInIndex = 0; path = Cal.app; sourceTree = BUILT_PRODUCTS_DIR; };
		8CBF4DF3301AEE1000AE31EB /* CalTests.xctest */ = {isa = PBXFileReference; explicitFileType = wrapper.cfbundle; includeInIndex = 0; path = CalTests.xctest; sourceTree = BUILT_PRODUCTS_DIR; };
		8CBF4DFD301AEE1000AE31EB /* CalUITests.xctest */ = {isa = PBXFileReference; explicitFileType = wrapper.cfbundle; includeInIndex = 0; path = CalUITests.xctest; sourceTree = BUILT_PRODUCTS_DIR; };
/* End PBXFileReference section */

/* Begin PBXFileSystemSynchronizedBuildFileExceptionSet section */
		8CBF4E05301AEE1000AE31EB /* Exceptions for "Cal" folder in "Cal" target */ = {
			isa = PBXFileSystemSynchronizedBuildFileExceptionSet;
			membershipExceptions = (
				Info.plist,
			);
			target = 8CBF4DE1301AEE0F00AE31EB /* Cal */;
		};
/* End PBXFileSystemSynchronizedBuildFileExceptionSet section */

/* Begin PBXFileSystemSynchronizedRootGroup section */
		8CBF4DE4301AEE0F00AE31EB /* Cal */ = {
			isa = PBXFileSystemSynchronizedRootGroup;
			exceptions = (
				8CBF4E05301AEE1000AE31EB /* Exceptions for "Cal" folder in "Cal" target */,
			);
			path = "Cal";
			sourceTree = "<group>";
		};
		8CBF4DF6301AEE1000AE31EB /* CalTests */ = {
			isa = PBXFileSystemSynchronizedRootGroup;
			path = "CalTests";
			sourceTree = "<group>";
		};
		8CBF4E00301AEE1000AE31EB /* CalUITests */ = {
			isa = PBXFileSystemSynchronizedRootGroup;
			path = "CalUITests";
			sourceTree = "<group>";
		};
/* End PBXFileSystemSynchronizedRootGroup section */

/* Begin PBXFrameworksBuildPhase section */
		8CBF4DDF301AEE0F00AE31EB /* Frameworks */ = {
			isa = PBXFrameworksBuildPhase;
			buildActionMask = 2147483647;
			files = (
				CA3000000000000000000001 /* CalKit in Frameworks */,
				CA3000000000000000000002 /* CalDesign in Frameworks */,
				CA3000000000000000000003 /* CalData in Frameworks */,
				CA3000000000000000000004 /* CalAI in Frameworks */,
				CA3000000000000000000005 /* CalContent in Frameworks */,
				CA3000000000000000000006 /* CalStore in Frameworks */,
				CA3000000000000000000007 /* CalRemote in Frameworks */,
				CA3000000000000000000008 /* CalVoice in Frameworks */,
				CA3000000000000000000009 /* ElevenLabs in Frameworks */,
			);
			runOnlyForDeploymentPostprocessing = 0;
		};
		8CBF4DF0301AEE1000AE31EB /* Frameworks */ = {
			isa = PBXFrameworksBuildPhase;
			buildActionMask = 2147483647;
			files = (
			);
			runOnlyForDeploymentPostprocessing = 0;
		};
		8CBF4DFA301AEE1000AE31EB /* Frameworks */ = {
			isa = PBXFrameworksBuildPhase;
			buildActionMask = 2147483647;
			files = (
			);
			runOnlyForDeploymentPostprocessing = 0;
		};
/* End PBXFrameworksBuildPhase section */

/* Begin PBXGroup section */
		8CBF4DD9301AEE0F00AE31EB = {
			isa = PBXGroup;
			children = (
				8CBF4DE4301AEE0F00AE31EB /* Cal */,
				8CBF4DF6301AEE1000AE31EB /* CalTests */,
				8CBF4E00301AEE1000AE31EB /* CalUITests */,
			);
			sourceTree = "<group>";
		};
/* End PBXGroup section */

/* Begin PBXNativeTarget section */
		8CBF4DE1301AEE0F00AE31EB /* Cal */ = {
			isa = PBXNativeTarget;
			buildConfigurationList = 8CBF4E06301AEE1000AE31EB /* Build configuration list for PBXNativeTarget "Cal" */;
			buildPhases = (
				8CBF4DDE301AEE0F00AE31EB /* Sources */,
				8CBF4DDF301AEE0F00AE31EB /* Frameworks */,
				8CBF4DE0301AEE0F00AE31EB /* Resources */,
			);
			buildRules = (
			);
			dependencies = (
			);
			fileSystemSynchronizedGroups = (
				8CBF4DE4301AEE0F00AE31EB /* Cal */,
			);
			name = "Cal";
			packageProductDependencies = (
				CA2000000000000000000001 /* CalKit */,
				CA2000000000000000000002 /* CalDesign */,
				CA2000000000000000000003 /* CalData */,
				CA2000000000000000000004 /* CalAI */,
				CA2000000000000000000005 /* CalContent */,
				CA2000000000000000000006 /* CalStore */,
				CA2000000000000000000007 /* CalRemote */,
				CA2000000000000000000008 /* CalVoice */,
				CA2000000000000000000009 /* ElevenLabs */,
			);
			productName = "Cal";
			productReference = 8CBF4DE2301AEE0F00AE31EB /* Cal.app */;
			productType = "com.apple.product-type.application";
		};
		8CBF4DF2301AEE1000AE31EB /* CalTests */ = {
			isa = PBXNativeTarget;
			buildConfigurationList = 8CBF4E0B301AEE1000AE31EB /* Build configuration list for PBXNativeTarget "CalTests" */;
			buildPhases = (
				8CBF4DEF301AEE1000AE31EB /* Sources */,
				8CBF4DF0301AEE1000AE31EB /* Frameworks */,
				8CBF4DF1301AEE1000AE31EB /* Resources */,
			);
			buildRules = (
			);
			dependencies = (
				8CBF4DF5301AEE1000AE31EB /* PBXTargetDependency */,
			);
			fileSystemSynchronizedGroups = (
				8CBF4DF6301AEE1000AE31EB /* CalTests */,
			);
			name = "CalTests";
			packageProductDependencies = (
			);
			productName = "CalTests";
			productReference = 8CBF4DF3301AEE1000AE31EB /* CalTests.xctest */;
			productType = "com.apple.product-type.bundle.unit-test";
		};
		8CBF4DFC301AEE1000AE31EB /* CalUITests */ = {
			isa = PBXNativeTarget;
			buildConfigurationList = 8CBF4E0E301AEE1000AE31EB /* Build configuration list for PBXNativeTarget "CalUITests" */;
			buildPhases = (
				8CBF4DF9301AEE1000AE31EB /* Sources */,
				8CBF4DFA301AEE1000AE31EB /* Frameworks */,
				8CBF4DFB301AEE1000AE31EB /* Resources */,
			);
			buildRules = (
			);
			dependencies = (
				8CBF4DFF301AEE1000AE31EB /* PBXTargetDependency */,
			);
			fileSystemSynchronizedGroups = (
				8CBF4E00301AEE1000AE31EB /* CalUITests */,
			);
			name = "CalUITests";
			packageProductDependencies = (
			);
			productName = "CalUITests";
			productReference = 8CBF4DFD301AEE1000AE31EB /* CalUITests.xctest */;
			productType = "com.apple.product-type.bundle.ui-testing";
		};
/* End PBXNativeTarget section */

/* Begin PBXProject section */
		8CBF4DDA301AEE0F00AE31EB /* Project object */ = {
			isa = PBXProject;
			attributes = {
				BuildIndependentTargetsInParallel = 1;
				LastSwiftUpdateCheck = 2660;
				LastUpgradeCheck = 2660;
				TargetAttributes = {
					8CBF4DE1301AEE0F00AE31EB = {
						CreatedOnToolsVersion = 26.6;
					};
					8CBF4DF2301AEE1000AE31EB = {
						CreatedOnToolsVersion = 26.6;
						TestTargetID = 8CBF4DE1301AEE0F00AE31EB;
					};
					8CBF4DFC301AEE1000AE31EB = {
						CreatedOnToolsVersion = 26.6;
						TestTargetID = 8CBF4DE1301AEE0F00AE31EB;
					};
				};
			};
			buildConfigurationList = 8CBF4DDD301AEE0F00AE31EB /* Build configuration list for PBXProject "Cal" */;
			developmentRegion = en;
			hasScannedForEncodings = 0;
			knownRegions = (
				en,
				Base,
			);
			mainGroup = 8CBF4DD9301AEE0F00AE31EB;
			minimizedProjectReferenceProxies = 1;
			preferredProjectObjectVersion = 77;
			packageReferences = (
				CA1000000000000000000001 /* XCLocalSwiftPackageReference "Packages/CalKit" */,
				CA1000000000000000000002 /* XCLocalSwiftPackageReference "Packages/CalDesign" */,
				CA1000000000000000000003 /* XCLocalSwiftPackageReference "Packages/CalData" */,
				CA1000000000000000000004 /* XCLocalSwiftPackageReference "Packages/CalAI" */,
				CA1000000000000000000005 /* XCLocalSwiftPackageReference "Packages/CalContent" */,
				CA1000000000000000000006 /* XCLocalSwiftPackageReference "Packages/CalStore" */,
				CA1000000000000000000007 /* XCLocalSwiftPackageReference "Packages/CalRemote" */,
				CA1000000000000000000008 /* XCLocalSwiftPackageReference "Packages/CalVoice" */,
				CA1000000000000000000009 /* XCRemoteSwiftPackageReference "elevenlabs-swift-sdk" */,
			);
			productRefGroup = 8CBF4DD9301AEE0F00AE31EB;
			projectDirPath = "";
			projectRoot = "";
			targets = (
				8CBF4DE1301AEE0F00AE31EB /* Cal */,
				8CBF4DF2301AEE1000AE31EB /* CalTests */,
				8CBF4DFC301AEE1000AE31EB /* CalUITests */,
			);
		};
/* End PBXProject section */

/* Begin PBXResourcesBuildPhase section */
		8CBF4DE0301AEE0F00AE31EB /* Resources */ = {
			isa = PBXResourcesBuildPhase;
			buildActionMask = 2147483647;
			files = (
			);
			runOnlyForDeploymentPostprocessing = 0;
		};
		8CBF4DF1301AEE1000AE31EB /* Resources */ = {
			isa = PBXResourcesBuildPhase;
			buildActionMask = 2147483647;
			files = (
			);
			runOnlyForDeploymentPostprocessing = 0;
		};
		8CBF4DFB301AEE1000AE31EB /* Resources */ = {
			isa = PBXResourcesBuildPhase;
			buildActionMask = 2147483647;
			files = (
			);
			runOnlyForDeploymentPostprocessing = 0;
		};
/* End PBXResourcesBuildPhase section */

/* Begin PBXSourcesBuildPhase section */
		8CBF4DDE301AEE0F00AE31EB /* Sources */ = {
			isa = PBXSourcesBuildPhase;
			buildActionMask = 2147483647;
			files = (
			);
			runOnlyForDeploymentPostprocessing = 0;
		};
		8CBF4DEF301AEE1000AE31EB /* Sources */ = {
			isa = PBXSourcesBuildPhase;
			buildActionMask = 2147483647;
			files = (
			);
			runOnlyForDeploymentPostprocessing = 0;
		};
		8CBF4DF9301AEE1000AE31EB /* Sources */ = {
			isa = PBXSourcesBuildPhase;
			buildActionMask = 2147483647;
			files = (
			);
			runOnlyForDeploymentPostprocessing = 0;
		};
/* End PBXSourcesBuildPhase section */

/* Begin PBXTargetDependency section */
		8CBF4DF5301AEE1000AE31EB /* PBXTargetDependency */ = {
			isa = PBXTargetDependency;
			target = 8CBF4DE1301AEE0F00AE31EB /* Cal */;
			targetProxy = 8CBF4DF4301AEE1000AE31EB /* PBXContainerItemProxy */;
		};
		8CBF4DFF301AEE1000AE31EB /* PBXTargetDependency */ = {
			isa = PBXTargetDependency;
			target = 8CBF4DE1301AEE0F00AE31EB /* Cal */;
			targetProxy = 8CBF4DFE301AEE1000AE31EB /* PBXContainerItemProxy */;
		};
/* End PBXTargetDependency section */

/* Begin XCBuildConfiguration section */
		8CBF4E07301AEE1000AE31EB /* Debug */ = {
			isa = XCBuildConfiguration;
			buildSettings = {
				ASSETCATALOG_COMPILER_APPICON_NAME = AppIcon;
				ASSETCATALOG_COMPILER_GLOBAL_ACCENT_COLOR_NAME = AccentColor;
				CODE_SIGN_ENTITLEMENTS = "Cal/Cal.entitlements";
				CODE_SIGN_STYLE = Automatic;
				CURRENT_PROJECT_VERSION = 5;
				DEVELOPMENT_TEAM = TC59SLLRF4;
				ENABLE_PREVIEWS = YES;
				GENERATE_INFOPLIST_FILE = YES;
				INFOPLIST_FILE = "Cal/Info.plist";
				INFOPLIST_KEY_NSCameraUsageDescription = "Cal does not use your camera. This permission is only declared because a voice library includes camera support.";
				INFOPLIST_KEY_NSMicrophoneUsageDescription = "Cal listens so you can talk to him out loud. You can type instead anytime.";
				INFOPLIST_KEY_UIApplicationSceneManifest_Generation = YES;
				INFOPLIST_KEY_UIApplicationSupportsIndirectInputEvents = YES;
				INFOPLIST_KEY_UILaunchScreen_Generation = YES;
				INFOPLIST_KEY_UISupportedInterfaceOrientations_iPad = "UIInterfaceOrientationPortrait UIInterfaceOrientationPortraitUpsideDown UIInterfaceOrientationLandscapeLeft UIInterfaceOrientationLandscapeRight";
				INFOPLIST_KEY_UISupportedInterfaceOrientations_iPhone = "UIInterfaceOrientationPortrait UIInterfaceOrientationLandscapeLeft UIInterfaceOrientationLandscapeRight";
				LD_RUNPATH_SEARCH_PATHS = (
					"$(inherited)",
					"@executable_path/Frameworks",
				);
				MARKETING_VERSION = 1.0;
				PRODUCT_BUNDLE_IDENTIFIER = "org.wholelifeministries.cal";
				PRODUCT_NAME = "$(TARGET_NAME)";
				STRING_CATALOG_GENERATE_SYMBOLS = YES;
				SWIFT_APPROACHABLE_CONCURRENCY = YES;
				SWIFT_DEFAULT_ACTOR_ISOLATION = MainActor;
				SWIFT_EMIT_LOC_STRINGS = YES;
				SWIFT_UPCOMING_FEATURE_MEMBER_IMPORT_VISIBILITY = YES;
				SWIFT_VERSION = 6.0;
				TARGETED_DEVICE_FAMILY = "1,2";
			};
			name = Debug;
		};
		8CBF4E08301AEE1000AE31EB /* Release */ = {
			isa = XCBuildConfiguration;
			buildSettings = {
				ASSETCATALOG_COMPILER_APPICON_NAME = AppIcon;
				ASSETCATALOG_COMPILER_GLOBAL_ACCENT_COLOR_NAME = AccentColor;
				CODE_SIGN_ENTITLEMENTS = "Cal/Cal.entitlements";
				CODE_SIGN_STYLE = Automatic;
				CURRENT_PROJECT_VERSION = 5;
				DEVELOPMENT_TEAM = TC59SLLRF4;
				ENABLE_PREVIEWS = YES;
				GENERATE_INFOPLIST_FILE = YES;
				INFOPLIST_FILE = "Cal/Info.plist";
				INFOPLIST_KEY_NSCameraUsageDescription = "Cal does not use your camera. This permission is only declared because a voice library includes camera support.";
				INFOPLIST_KEY_NSMicrophoneUsageDescription = "Cal listens so you can talk to him out loud. You can type instead anytime.";
				INFOPLIST_KEY_UIApplicationSceneManifest_Generation = YES;
				INFOPLIST_KEY_UIApplicationSupportsIndirectInputEvents = YES;
				INFOPLIST_KEY_UILaunchScreen_Generation = YES;
				INFOPLIST_KEY_UISupportedInterfaceOrientations_iPad = "UIInterfaceOrientationPortrait UIInterfaceOrientationPortraitUpsideDown UIInterfaceOrientationLandscapeLeft UIInterfaceOrientationLandscapeRight";
				INFOPLIST_KEY_UISupportedInterfaceOrientations_iPhone = "UIInterfaceOrientationPortrait UIInterfaceOrientationLandscapeLeft UIInterfaceOrientationLandscapeRight";
				LD_RUNPATH_SEARCH_PATHS = (
					"$(inherited)",
					"@executable_path/Frameworks",
				);
				MARKETING_VERSION = 1.0;
				PRODUCT_BUNDLE_IDENTIFIER = "org.wholelifeministries.cal";
				PRODUCT_NAME = "$(TARGET_NAME)";
				STRING_CATALOG_GENERATE_SYMBOLS = YES;
				SWIFT_APPROACHABLE_CONCURRENCY = YES;
				SWIFT_DEFAULT_ACTOR_ISOLATION = MainActor;
				SWIFT_EMIT_LOC_STRINGS = YES;
				SWIFT_UPCOMING_FEATURE_MEMBER_IMPORT_VISIBILITY = YES;
				SWIFT_VERSION = 6.0;
				TARGETED_DEVICE_FAMILY = "1,2";
			};
			name = Release;
		};
		8CBF4E09301AEE1000AE31EB /* Debug */ = {
			isa = XCBuildConfiguration;
			buildSettings = {
				ALWAYS_SEARCH_USER_PATHS = NO;
				ASSETCATALOG_COMPILER_GENERATE_SWIFT_ASSET_SYMBOL_EXTENSIONS = YES;
				CLANG_ANALYZER_NONNULL = YES;
				CLANG_ANALYZER_NUMBER_OBJECT_CONVERSION = YES_AGGRESSIVE;
				CLANG_CXX_LANGUAGE_STANDARD = "gnu++20";
				CLANG_ENABLE_MODULES = YES;
				CLANG_ENABLE_OBJC_ARC = YES;
				CLANG_ENABLE_OBJC_WEAK = YES;
				CLANG_WARN_BLOCK_CAPTURE_AUTORELEASING = YES;
				CLANG_WARN_BOOL_CONVERSION = YES;
				CLANG_WARN_COMMA = YES;
				CLANG_WARN_CONSTANT_CONVERSION = YES;
				CLANG_WARN_DEPRECATED_OBJC_IMPLEMENTATIONS = YES;
				CLANG_WARN_DIRECT_OBJC_ISA_USAGE = YES_ERROR;
				CLANG_WARN_DOCUMENTATION_COMMENTS = YES;
				CLANG_WARN_EMPTY_BODY = YES;
				CLANG_WARN_ENUM_CONVERSION = YES;
				CLANG_WARN_INFINITE_RECURSION = YES;
				CLANG_WARN_INT_CONVERSION = YES;
				CLANG_WARN_NON_LITERAL_NULL_CONVERSION = YES;
				CLANG_WARN_OBJC_IMPLICIT_RETAIN_SELF = YES;
				CLANG_WARN_OBJC_LITERAL_CONVERSION = YES;
				CLANG_WARN_OBJC_ROOT_CLASS = YES_ERROR;
				CLANG_WARN_QUOTED_INCLUDE_IN_FRAMEWORK_HEADER = YES;
				CLANG_WARN_RANGE_LOOP_ANALYSIS = YES;
				CLANG_WARN_STRICT_PROTOTYPES = YES;
				CLANG_WARN_SUSPICIOUS_MOVE = YES;
				CLANG_WARN_UNGUARDED_AVAILABILITY = YES_AGGRESSIVE;
				CLANG_WARN_UNREACHABLE_CODE = YES;
				CLANG_WARN__DUPLICATE_METHOD_MATCH = YES;
				COPY_PHASE_STRIP = NO;
				DEBUG_INFORMATION_FORMAT = dwarf;
				DEVELOPMENT_TEAM = TC59SLLRF4;
				ENABLE_STRICT_OBJC_MSGSEND = YES;
				ENABLE_TESTABILITY = YES;
				ENABLE_USER_SCRIPT_SANDBOXING = YES;
				GCC_C_LANGUAGE_STANDARD = gnu17;
				GCC_DYNAMIC_NO_PIC = NO;
				GCC_NO_COMMON_BLOCKS = YES;
				GCC_OPTIMIZATION_LEVEL = 0;
				GCC_PREPROCESSOR_DEFINITIONS = (
					"DEBUG=1",
					"$(inherited)",
				);
				GCC_WARN_64_TO_32_BIT_CONVERSION = YES;
				GCC_WARN_ABOUT_RETURN_TYPE = YES_ERROR;
				GCC_WARN_UNDECLARED_SELECTOR = YES;
				GCC_WARN_UNINITIALIZED_AUTOS = YES_AGGRESSIVE;
				GCC_WARN_UNUSED_FUNCTION = YES;
				GCC_WARN_UNUSED_VARIABLE = YES;
				IPHONEOS_DEPLOYMENT_TARGET = 17.0;
				LOCALIZATION_PREFERS_STRING_CATALOGS = YES;
				MTL_ENABLE_DEBUG_INFO = INCLUDE_SOURCE;
				MTL_FAST_MATH = YES;
				ONLY_ACTIVE_ARCH = YES;
				SDKROOT = iphoneos;
				SWIFT_ACTIVE_COMPILATION_CONDITIONS = "DEBUG $(inherited)";
				SWIFT_OPTIMIZATION_LEVEL = "-Onone";
			};
			name = Debug;
		};
		8CBF4E0A301AEE1000AE31EB /* Release */ = {
			isa = XCBuildConfiguration;
			buildSettings = {
				ALWAYS_SEARCH_USER_PATHS = NO;
				ASSETCATALOG_COMPILER_GENERATE_SWIFT_ASSET_SYMBOL_EXTENSIONS = YES;
				CLANG_ANALYZER_NONNULL = YES;
				CLANG_ANALYZER_NUMBER_OBJECT_CONVERSION = YES_AGGRESSIVE;
				CLANG_CXX_LANGUAGE_STANDARD = "gnu++20";
				CLANG_ENABLE_MODULES = YES;
				CLANG_ENABLE_OBJC_ARC = YES;
				CLANG_ENABLE_OBJC_WEAK = YES;
				CLANG_WARN_BLOCK_CAPTURE_AUTORELEASING = YES;
				CLANG_WARN_BOOL_CONVERSION = YES;
				CLANG_WARN_COMMA = YES;
				CLANG_WARN_CONSTANT_CONVERSION = YES;
				CLANG_WARN_DEPRECATED_OBJC_IMPLEMENTATIONS = YES;
				CLANG_WARN_DIRECT_OBJC_ISA_USAGE = YES_ERROR;
				CLANG_WARN_DOCUMENTATION_COMMENTS = YES;
				CLANG_WARN_EMPTY_BODY = YES;
				CLANG_WARN_ENUM_CONVERSION = YES;
				CLANG_WARN_INFINITE_RECURSION = YES;
				CLANG_WARN_INT_CONVERSION = YES;
				CLANG_WARN_NON_LITERAL_NULL_CONVERSION = YES;
				CLANG_WARN_OBJC_IMPLICIT_RETAIN_SELF = YES;
				CLANG_WARN_OBJC_LITERAL_CONVERSION = YES;
				CLANG_WARN_OBJC_ROOT_CLASS = YES_ERROR;
				CLANG_WARN_QUOTED_INCLUDE_IN_FRAMEWORK_HEADER = YES;
				CLANG_WARN_RANGE_LOOP_ANALYSIS = YES;
				CLANG_WARN_STRICT_PROTOTYPES = YES;
				CLANG_WARN_SUSPICIOUS_MOVE = YES;
				CLANG_WARN_UNGUARDED_AVAILABILITY = YES_AGGRESSIVE;
				CLANG_WARN_UNREACHABLE_CODE = YES;
				CLANG_WARN__DUPLICATE_METHOD_MATCH = YES;
				COPY_PHASE_STRIP = NO;
				DEBUG_INFORMATION_FORMAT = "dwarf-with-dsym";
				DEVELOPMENT_TEAM = TC59SLLRF4;
				ENABLE_NS_ASSERTIONS = NO;
				ENABLE_STRICT_OBJC_MSGSEND = YES;
				ENABLE_USER_SCRIPT_SANDBOXING = YES;
				GCC_C_LANGUAGE_STANDARD = gnu17;
				GCC_NO_COMMON_BLOCKS = YES;
				GCC_WARN_64_TO_32_BIT_CONVERSION = YES;
				GCC_WARN_ABOUT_RETURN_TYPE = YES_ERROR;
				GCC_WARN_UNDECLARED_SELECTOR = YES;
				GCC_WARN_UNINITIALIZED_AUTOS = YES_AGGRESSIVE;
				GCC_WARN_UNUSED_FUNCTION = YES;
				GCC_WARN_UNUSED_VARIABLE = YES;
				IPHONEOS_DEPLOYMENT_TARGET = 17.0;
				LOCALIZATION_PREFERS_STRING_CATALOGS = YES;
				MTL_ENABLE_DEBUG_INFO = NO;
				MTL_FAST_MATH = YES;
				SDKROOT = iphoneos;
				SWIFT_COMPILATION_MODE = wholemodule;
				VALIDATE_PRODUCT = YES;
			};
			name = Release;
		};
		8CBF4E0C301AEE1000AE31EB /* Debug */ = {
			isa = XCBuildConfiguration;
			buildSettings = {
				BUNDLE_LOADER = "$(TEST_HOST)";
				CODE_SIGN_STYLE = Automatic;
				CURRENT_PROJECT_VERSION = 1;
				DEVELOPMENT_TEAM = TC59SLLRF4;
				GENERATE_INFOPLIST_FILE = YES;
				IPHONEOS_DEPLOYMENT_TARGET = 17.0;
				MARKETING_VERSION = 1.0;
				PRODUCT_BUNDLE_IDENTIFIER = "org.wholelifeministries.cal.tests";
				PRODUCT_NAME = "$(TARGET_NAME)";
				STRING_CATALOG_GENERATE_SYMBOLS = NO;
				SWIFT_APPROACHABLE_CONCURRENCY = YES;
				SWIFT_EMIT_LOC_STRINGS = NO;
				SWIFT_UPCOMING_FEATURE_MEMBER_IMPORT_VISIBILITY = YES;
				SWIFT_VERSION = 6.0;
				TARGETED_DEVICE_FAMILY = "1,2";
				TEST_HOST = "$(BUILT_PRODUCTS_DIR)/Cal.app/$(BUNDLE_EXECUTABLE_FOLDER_PATH)/Cal";
			};
			name = Debug;
		};
		8CBF4E0D301AEE1000AE31EB /* Release */ = {
			isa = XCBuildConfiguration;
			buildSettings = {
				BUNDLE_LOADER = "$(TEST_HOST)";
				CODE_SIGN_STYLE = Automatic;
				CURRENT_PROJECT_VERSION = 1;
				DEVELOPMENT_TEAM = TC59SLLRF4;
				GENERATE_INFOPLIST_FILE = YES;
				IPHONEOS_DEPLOYMENT_TARGET = 17.0;
				MARKETING_VERSION = 1.0;
				PRODUCT_BUNDLE_IDENTIFIER = "org.wholelifeministries.cal.tests";
				PRODUCT_NAME = "$(TARGET_NAME)";
				STRING_CATALOG_GENERATE_SYMBOLS = NO;
				SWIFT_APPROACHABLE_CONCURRENCY = YES;
				SWIFT_EMIT_LOC_STRINGS = NO;
				SWIFT_UPCOMING_FEATURE_MEMBER_IMPORT_VISIBILITY = YES;
				SWIFT_VERSION = 6.0;
				TARGETED_DEVICE_FAMILY = "1,2";
				TEST_HOST = "$(BUILT_PRODUCTS_DIR)/Cal.app/$(BUNDLE_EXECUTABLE_FOLDER_PATH)/Cal";
			};
			name = Release;
		};
		8CBF4E0F301AEE1000AE31EB /* Debug */ = {
			isa = XCBuildConfiguration;
			buildSettings = {
				CODE_SIGN_STYLE = Automatic;
				CURRENT_PROJECT_VERSION = 1;
				DEVELOPMENT_TEAM = TC59SLLRF4;
				GENERATE_INFOPLIST_FILE = YES;
				MARKETING_VERSION = 1.0;
				PRODUCT_BUNDLE_IDENTIFIER = "org.wholelifeministries.cal.uitests";
				PRODUCT_NAME = "$(TARGET_NAME)";
				STRING_CATALOG_GENERATE_SYMBOLS = NO;
				SWIFT_APPROACHABLE_CONCURRENCY = YES;
				SWIFT_EMIT_LOC_STRINGS = NO;
				SWIFT_UPCOMING_FEATURE_MEMBER_IMPORT_VISIBILITY = YES;
				SWIFT_VERSION = 6.0;
				TARGETED_DEVICE_FAMILY = "1,2";
				TEST_TARGET_NAME = "Cal";
			};
			name = Debug;
		};
		8CBF4E10301AEE1000AE31EB /* Release */ = {
			isa = XCBuildConfiguration;
			buildSettings = {
				CODE_SIGN_STYLE = Automatic;
				CURRENT_PROJECT_VERSION = 1;
				DEVELOPMENT_TEAM = TC59SLLRF4;
				GENERATE_INFOPLIST_FILE = YES;
				MARKETING_VERSION = 1.0;
				PRODUCT_BUNDLE_IDENTIFIER = "org.wholelifeministries.cal.uitests";
				PRODUCT_NAME = "$(TARGET_NAME)";
				STRING_CATALOG_GENERATE_SYMBOLS = NO;
				SWIFT_APPROACHABLE_CONCURRENCY = YES;
				SWIFT_EMIT_LOC_STRINGS = NO;
				SWIFT_UPCOMING_FEATURE_MEMBER_IMPORT_VISIBILITY = YES;
				SWIFT_VERSION = 6.0;
				TARGETED_DEVICE_FAMILY = "1,2";
				TEST_TARGET_NAME = "Cal";
			};
			name = Release;
		};
/* End XCBuildConfiguration section */

/* Begin XCConfigurationList section */
		8CBF4DDD301AEE0F00AE31EB /* Build configuration list for PBXProject "Cal" */ = {
			isa = XCConfigurationList;
			buildConfigurations = (
				8CBF4E09301AEE1000AE31EB /* Debug */,
				8CBF4E0A301AEE1000AE31EB /* Release */,
			);
			defaultConfigurationIsVisible = 0;
			defaultConfigurationName = Release;
		};
		8CBF4E06301AEE1000AE31EB /* Build configuration list for PBXNativeTarget "Cal" */ = {
			isa = XCConfigurationList;
			buildConfigurations = (
				8CBF4E07301AEE1000AE31EB /* Debug */,
				8CBF4E08301AEE1000AE31EB /* Release */,
			);
			defaultConfigurationIsVisible = 0;
			defaultConfigurationName = Release;
		};
		8CBF4E0B301AEE1000AE31EB /* Build configuration list for PBXNativeTarget "CalTests" */ = {
			isa = XCConfigurationList;
			buildConfigurations = (
				8CBF4E0C301AEE1000AE31EB /* Debug */,
				8CBF4E0D301AEE1000AE31EB /* Release */,
			);
			defaultConfigurationIsVisible = 0;
			defaultConfigurationName = Release;
		};
		8CBF4E0E301AEE1000AE31EB /* Build configuration list for PBXNativeTarget "CalUITests" */ = {
			isa = XCConfigurationList;
			buildConfigurations = (
				8CBF4E0F301AEE1000AE31EB /* Debug */,
				8CBF4E10301AEE1000AE31EB /* Release */,
			);
			defaultConfigurationIsVisible = 0;
			defaultConfigurationName = Release;
		};
/* End XCConfigurationList section */
/* Begin PBXBuildFile section */
		CA3000000000000000000001 /* CalKit in Frameworks */ = {isa = PBXBuildFile; productRef = CA2000000000000000000001 /* CalKit */; };
		CA3000000000000000000002 /* CalDesign in Frameworks */ = {isa = PBXBuildFile; productRef = CA2000000000000000000002 /* CalDesign */; };
		CA3000000000000000000003 /* CalData in Frameworks */ = {isa = PBXBuildFile; productRef = CA2000000000000000000003 /* CalData */; };
		CA3000000000000000000004 /* CalAI in Frameworks */ = {isa = PBXBuildFile; productRef = CA2000000000000000000004 /* CalAI */; };
		CA3000000000000000000005 /* CalContent in Frameworks */ = {isa = PBXBuildFile; productRef = CA2000000000000000000005 /* CalContent */; };
		CA3000000000000000000006 /* CalStore in Frameworks */ = {isa = PBXBuildFile; productRef = CA2000000000000000000006 /* CalStore */; };
		CA3000000000000000000007 /* CalRemote in Frameworks */ = {isa = PBXBuildFile; productRef = CA2000000000000000000007 /* CalRemote */; };
		CA3000000000000000000008 /* CalVoice in Frameworks */ = {isa = PBXBuildFile; productRef = CA2000000000000000000008 /* CalVoice */; };
		CA3000000000000000000009 /* ElevenLabs in Frameworks */ = {isa = PBXBuildFile; productRef = CA2000000000000000000009 /* ElevenLabs */; };
/* End PBXBuildFile section */

/* Begin XCLocalSwiftPackageReference section */
		CA1000000000000000000001 /* XCLocalSwiftPackageReference "Packages/CalKit" */ = {
			isa = XCLocalSwiftPackageReference;
			relativePath = Packages/CalKit;
		};
		CA1000000000000000000002 /* XCLocalSwiftPackageReference "Packages/CalDesign" */ = {
			isa = XCLocalSwiftPackageReference;
			relativePath = Packages/CalDesign;
		};
		CA1000000000000000000003 /* XCLocalSwiftPackageReference "Packages/CalData" */ = {
			isa = XCLocalSwiftPackageReference;
			relativePath = Packages/CalData;
		};
		CA1000000000000000000004 /* XCLocalSwiftPackageReference "Packages/CalAI" */ = {
			isa = XCLocalSwiftPackageReference;
			relativePath = Packages/CalAI;
		};
		CA1000000000000000000005 /* XCLocalSwiftPackageReference "Packages/CalContent" */ = {
			isa = XCLocalSwiftPackageReference;
			relativePath = Packages/CalContent;
		};
		CA1000000000000000000006 /* XCLocalSwiftPackageReference "Packages/CalStore" */ = {
			isa = XCLocalSwiftPackageReference;
			relativePath = Packages/CalStore;
		};
		CA1000000000000000000007 /* XCLocalSwiftPackageReference "Packages/CalRemote" */ = {
			isa = XCLocalSwiftPackageReference;
			relativePath = Packages/CalRemote;
		};
		CA1000000000000000000008 /* XCLocalSwiftPackageReference "Packages/CalVoice" */ = {
			isa = XCLocalSwiftPackageReference;
			relativePath = Packages/CalVoice;
		};
/* End XCLocalSwiftPackageReference section */

/* Begin XCRemoteSwiftPackageReference section */
		CA1000000000000000000009 /* XCRemoteSwiftPackageReference "elevenlabs-swift-sdk" */ = {
			isa = XCRemoteSwiftPackageReference;
			repositoryURL = "https://github.com/elevenlabs/elevenlabs-swift-sdk.git";
			requirement = {
				kind = upToNextMajorVersion;
				minimumVersion = 3.2.2;
			};
		};
/* End XCRemoteSwiftPackageReference section */

/* Begin XCSwiftPackageProductDependency section */
		CA2000000000000000000001 /* CalKit */ = {
			isa = XCSwiftPackageProductDependency;
			package = CA1000000000000000000001 /* XCLocalSwiftPackageReference "Packages/CalKit" */;
			productName = CalKit;
		};
		CA2000000000000000000002 /* CalDesign */ = {
			isa = XCSwiftPackageProductDependency;
			package = CA1000000000000000000002 /* XCLocalSwiftPackageReference "Packages/CalDesign" */;
			productName = CalDesign;
		};
		CA2000000000000000000003 /* CalData */ = {
			isa = XCSwiftPackageProductDependency;
			package = CA1000000000000000000003 /* XCLocalSwiftPackageReference "Packages/CalData" */;
			productName = CalData;
		};
		CA2000000000000000000004 /* CalAI */ = {
			isa = XCSwiftPackageProductDependency;
			package = CA1000000000000000000004 /* XCLocalSwiftPackageReference "Packages/CalAI" */;
			productName = CalAI;
		};
		CA2000000000000000000005 /* CalContent */ = {
			isa = XCSwiftPackageProductDependency;
			package = CA1000000000000000000005 /* XCLocalSwiftPackageReference "Packages/CalContent" */;
			productName = CalContent;
		};
		CA2000000000000000000006 /* CalStore */ = {
			isa = XCSwiftPackageProductDependency;
			package = CA1000000000000000000006 /* XCLocalSwiftPackageReference "Packages/CalStore" */;
			productName = CalStore;
		};
		CA2000000000000000000007 /* CalRemote */ = {
			isa = XCSwiftPackageProductDependency;
			package = CA1000000000000000000007 /* XCLocalSwiftPackageReference "Packages/CalRemote" */;
			productName = CalRemote;
		};
		CA2000000000000000000008 /* CalVoice */ = {
			isa = XCSwiftPackageProductDependency;
			package = CA1000000000000000000008 /* XCLocalSwiftPackageReference "Packages/CalVoice" */;
			productName = CalVoice;
		};
		CA2000000000000000000009 /* ElevenLabs */ = {
			isa = XCSwiftPackageProductDependency;
			package = CA1000000000000000000009 /* XCRemoteSwiftPackageReference "elevenlabs-swift-sdk" */;
			productName = ElevenLabs;
		};
/* End XCSwiftPackageProductDependency section */
	};
	rootObject = 8CBF4DDA301AEE0F00AE31EB /* Project object */;
}
